{
  "version": "5",
  "remote": {
    "https://esm.sh/preact@10.22.0/denonext/jsx-runtime.mjs": "9c20426e7e6c4b17b6f912ab90df23d55138dd3d719bce34563b775f9d70b6b2",
    "https://esm.sh/preact@10.22.0/denonext/preact.mjs": "4d84d31589efc25c9c066968c07fa9ac3db53831b34a4c46535d0c724cdb486e",
    "https://esm.sh/preact@10.22.0/jsx-runtime": "6c6117abd414386ed23785f7c198e03bee696c1fa0fee01b72a64abe5e7ae7fb"
  },
  "workspace": {
    "members": {
      "example": {
        "dependencies": [
          "jsr:@std/assert@1"
        ]
      },
      "scenario-flow-cli": {
        "dependencies": [
          "jsr:@std/assert@1"
        ]
      }
    }
  }
}
